
Microsoft Visual Studio Solution File, Format Version 12.00
# Visual Studio Version 16
VisualStudioVersion = 16.0.32228.343
MinimumVisualStudioVersion = 10.0.40219.1
Project("{FAE04EC0-301F-11D3-BF4B-00C04F79EFBC}") = "SwapNumbers", "SwapNumbers\SwapNumbers.csproj", "{4F9FB912-5D1B-43AF-B569-E987803021BA}"
EndProject
Global
	GlobalSection(SolutionConfigurationPlatforms) = preSolution
		Debug|Any CPU = Debug|Any CPU
		Release|Any CPU = Release|Any CPU
	EndGlobalSection
	GlobalSection(ProjectConfigurationPlatforms) = postSolution
		{4F9FB912-5D1B-43AF-B569-E987803021BA}.Debug|Any CPU.ActiveCfg = Debug|Any CPU
		{4F9FB912-5D1B-43AF-B569-E987803021BA}.Debug|Any CPU.Build.0 = Debug|Any CPU
		{4F9FB912-5D1B-43AF-B569-E987803021BA}.Release|Any CPU.ActiveCfg = Release|Any CPU
		{4F9FB912-5D1B-43AF-B569-E987803021BA}.Release|Any CPU.Build.0 = Release|Any CPU
	EndGlobalSection
	GlobalSection(SolutionProperties) = preSolution
		HideSolutionNode = FALSE
	EndGlobalSection
	GlobalSection(ExtensibilityGlobals) = postSolution
		SolutionGuid = {DFA0BB65-FB58-4D3B-959E-3A137094133A}
	EndGlobalSection
EndGlobal
